
Microsoft Visual Studio Solution File, Format Version 12.00
# Visual Studio Version 17
VisualStudioVersion = 17.6.33723.286
MinimumVisualStudioVersion = 10.0.40219.1
Project("{FAE04EC0-301F-11D3-BF4B-00C04F79EFBC}") = "Program_17", "Program_17.csproj", "{034EC8E8-399B-4F5D-89D8-F44BE7BFDAD4}"
EndProject
Global
	GlobalSection(SolutionConfigurationPlatforms) = preSolution
		Debug|Any CPU = Debug|Any CPU
		Release|Any CPU = Release|Any CPU
	EndGlobalSection
	GlobalSection(ProjectConfigurationPlatforms) = postSolution
		{034EC8E8-399B-4F5D-89D8-F44BE7BFDAD4}.Debug|Any CPU.ActiveCfg = Debug|Any CPU
		{034EC8E8-399B-4F5D-89D8-F44BE7BFDAD4}.Debug|Any CPU.Build.0 = Debug|Any CPU
		{034EC8E8-399B-4F5D-89D8-F44BE7BFDAD4}.Release|Any CPU.ActiveCfg = Release|Any CPU
		{034EC8E8-399B-4F5D-89D8-F44BE7BFDAD4}.Release|Any CPU.Build.0 = Release|Any CPU
	EndGlobalSection
	GlobalSection(SolutionProperties) = preSolution
		HideSolutionNode = FALSE
	EndGlobalSection
	GlobalSection(ExtensibilityGlobals) = postSolution
		SolutionGuid = {39987487-07C8-4188-88E0-2900D323FBE1}
	EndGlobalSection
EndGlobal
