
Microsoft Visual Studio Solution File, Format Version 12.00
# Visual Studio Version 17
VisualStudioVersion = 17.6.33723.286
MinimumVisualStudioVersion = 10.0.40219.1
Project("{FAE04EC0-301F-11D3-BF4B-00C04F79EFBC}") = "Program_18", "Program_18.csproj", "{DF1274A8-907F-4307-B84C-0AEEC1FA6FAA}"
EndProject
Global
	GlobalSection(SolutionConfigurationPlatforms) = preSolution
		Debug|Any CPU = Debug|Any CPU
		Release|Any CPU = Release|Any CPU
	EndGlobalSection
	GlobalSection(ProjectConfigurationPlatforms) = postSolution
		{DF1274A8-907F-4307-B84C-0AEEC1FA6FAA}.Debug|Any CPU.ActiveCfg = Debug|Any CPU
		{DF1274A8-907F-4307-B84C-0AEEC1FA6FAA}.Debug|Any CPU.Build.0 = Debug|Any CPU
		{DF1274A8-907F-4307-B84C-0AEEC1FA6FAA}.Release|Any CPU.ActiveCfg = Release|Any CPU
		{DF1274A8-907F-4307-B84C-0AEEC1FA6FAA}.Release|Any CPU.Build.0 = Release|Any CPU
	EndGlobalSection
	GlobalSection(SolutionProperties) = preSolution
		HideSolutionNode = FALSE
	EndGlobalSection
	GlobalSection(ExtensibilityGlobals) = postSolution
		SolutionGuid = {974E8F79-0E39-4828-B11D-F4E22C255C69}
	EndGlobalSection
EndGlobal
