
Microsoft Visual Studio Solution File, Format Version 12.00
# Visual Studio Version 17
VisualStudioVersion = 17.6.33723.286
MinimumVisualStudioVersion = 10.0.40219.1
Project("{FAE04EC0-301F-11D3-BF4B-00C04F79EFBC}") = "Program_7", "Program_7.csproj", "{1E548557-C8DD-448A-9523-471B8487EAFE}"
EndProject
Global
	GlobalSection(SolutionConfigurationPlatforms) = preSolution
		Debug|Any CPU = Debug|Any CPU
		Release|Any CPU = Release|Any CPU
	EndGlobalSection
	GlobalSection(ProjectConfigurationPlatforms) = postSolution
		{1E548557-C8DD-448A-9523-471B8487EAFE}.Debug|Any CPU.ActiveCfg = Debug|Any CPU
		{1E548557-C8DD-448A-9523-471B8487EAFE}.Debug|Any CPU.Build.0 = Debug|Any CPU
		{1E548557-C8DD-448A-9523-471B8487EAFE}.Release|Any CPU.ActiveCfg = Release|Any CPU
		{1E548557-C8DD-448A-9523-471B8487EAFE}.Release|Any CPU.Build.0 = Release|Any CPU
	EndGlobalSection
	GlobalSection(SolutionProperties) = preSolution
		HideSolutionNode = FALSE
	EndGlobalSection
	GlobalSection(ExtensibilityGlobals) = postSolution
		SolutionGuid = {063C5745-398C-4146-BBB4-C01E00B8DF0B}
	EndGlobalSection
EndGlobal
